
Microsoft Visual Studio Solution File, Format Version 12.00
# Visual Studio Version 16
VisualStudioVersion = 16.0.31205.134
MinimumVisualStudioVersion = 10.0.40219.1
Project("{FAE04EC0-301F-11D3-BF4B-00C04F79EFBC}") = "ReflectionDemoProject", "ReflectionDemoProject\ReflectionDemoProject.csproj", "{957BD1E5-3889-4BBA-9D4D-7670EE822150}"
EndProject
Global
	GlobalSection(SolutionConfigurationPlatforms) = preSolution
		Debug|Any CPU = Debug|Any CPU
		Release|Any CPU = Release|Any CPU
	EndGlobalSection
	GlobalSection(ProjectConfigurationPlatforms) = postSolution
		{957BD1E5-3889-4BBA-9D4D-7670EE822150}.Debug|Any CPU.ActiveCfg = Debug|Any CPU
		{957BD1E5-3889-4BBA-9D4D-7670EE822150}.Debug|Any CPU.Build.0 = Debug|Any CPU
		{957BD1E5-3889-4BBA-9D4D-7670EE822150}.Release|Any CPU.ActiveCfg = Release|Any CPU
		{957BD1E5-3889-4BBA-9D4D-7670EE822150}.Release|Any CPU.Build.0 = Release|Any CPU
	EndGlobalSection
	GlobalSection(SolutionProperties) = preSolution
		HideSolutionNode = FALSE
	EndGlobalSection
	GlobalSection(ExtensibilityGlobals) = postSolution
		SolutionGuid = {CF07C642-B39C-4AB2-91CD-9A9BFE19040E}
	EndGlobalSection
EndGlobal
